
Microsoft Visual Studio Solution File, Format Version 12.00
# Visual Studio Version 17
VisualStudioVersion = 17.3.32811.315
MinimumVisualStudioVersion = 10.0.40219.1
Project("{FAE04EC0-301F-11D3-BF4B-00C04F79EFBC}") = "Creational", "Creational.csproj", "{6E89F093-EA35-4C78-87C6-D07F32B88882}"
EndProject
Project("{FAE04EC0-301F-11D3-BF4B-00C04F79EFBC}") = "Structural", "..\Structural\Structural.csproj", "{60B8F9E7-B61F-4AF3-9EDF-89C4E64640C3}"
EndProject
Project("{FAE04EC0-301F-11D3-BF4B-00C04F79EFBC}") = "Behavioral", "..\Behavioral\Behavioral.csproj", "{4459FA08-62EA-4AE2-BDB8-B6827737B623}"
EndProject
Global
	GlobalSection(SolutionConfigurationPlatforms) = preSolution
		Debug|Any CPU = Debug|Any CPU
		Release|Any CPU = Release|Any CPU
	EndGlobalSection
	GlobalSection(ProjectConfigurationPlatforms) = postSolution
		{6E89F093-EA35-4C78-87C6-D07F32B88882}.Debug|Any CPU.ActiveCfg = Debug|Any CPU
		{6E89F093-EA35-4C78-87C6-D07F32B88882}.Debug|Any CPU.Build.0 = Debug|Any CPU
		{6E89F093-EA35-4C78-87C6-D07F32B88882}.Release|Any CPU.ActiveCfg = Release|Any CPU
		{6E89F093-EA35-4C78-87C6-D07F32B88882}.Release|Any CPU.Build.0 = Release|Any CPU
		{60B8F9E7-B61F-4AF3-9EDF-89C4E64640C3}.Debug|Any CPU.ActiveCfg = Debug|Any CPU
		{60B8F9E7-B61F-4AF3-9EDF-89C4E64640C3}.Debug|Any CPU.Build.0 = Debug|Any CPU
		{60B8F9E7-B61F-4AF3-9EDF-89C4E64640C3}.Release|Any CPU.ActiveCfg = Release|Any CPU
		{60B8F9E7-B61F-4AF3-9EDF-89C4E64640C3}.Release|Any CPU.Build.0 = Release|Any CPU
		{4459FA08-62EA-4AE2-BDB8-B6827737B623}.Debug|Any CPU.ActiveCfg = Debug|Any CPU
		{4459FA08-62EA-4AE2-BDB8-B6827737B623}.Debug|Any CPU.Build.0 = Debug|Any CPU
		{4459FA08-62EA-4AE2-BDB8-B6827737B623}.Release|Any CPU.ActiveCfg = Release|Any CPU
		{4459FA08-62EA-4AE2-BDB8-B6827737B623}.Release|Any CPU.Build.0 = Release|Any CPU
	EndGlobalSection
	GlobalSection(SolutionProperties) = preSolution
		HideSolutionNode = FALSE
	EndGlobalSection
	GlobalSection(ExtensibilityGlobals) = postSolution
		SolutionGuid = {18AF061D-506F-4C46-8B41-6BE8E2BC1521}
	EndGlobalSection
EndGlobal
